
Microsoft Visual Studio Solution File, Format Version 12.00
# Visual Studio Version 17
VisualStudioVersion = 17.3.32922.545
MinimumVisualStudioVersion = 10.0.40219.1
Project("{FAE04EC0-301F-11D3-BF4B-00C04F79EFBC}") = "Ativ.1", "Ativ.1\Ativ.1.csproj", "{F2C349F6-E8FA-460B-9591-3017DFD48163}"
EndProject
Global
	GlobalSection(SolutionConfigurationPlatforms) = preSolution
		Debug|Any CPU = Debug|Any CPU
		Release|Any CPU = Release|Any CPU
	EndGlobalSection
	GlobalSection(ProjectConfigurationPlatforms) = postSolution
		{F2C349F6-E8FA-460B-9591-3017DFD48163}.Debug|Any CPU.ActiveCfg = Debug|Any CPU
		{F2C349F6-E8FA-460B-9591-3017DFD48163}.Debug|Any CPU.Build.0 = Debug|Any CPU
		{F2C349F6-E8FA-460B-9591-3017DFD48163}.Release|Any CPU.ActiveCfg = Release|Any CPU
		{F2C349F6-E8FA-460B-9591-3017DFD48163}.Release|Any CPU.Build.0 = Release|Any CPU
	EndGlobalSection
	GlobalSection(SolutionProperties) = preSolution
		HideSolutionNode = FALSE
	EndGlobalSection
	GlobalSection(ExtensibilityGlobals) = postSolution
		SolutionGuid = {BAEF3917-D72F-4194-AA74-0E7FC08C3183}
	EndGlobalSection
EndGlobal
